
Microsoft Visual Studio Solution File, Format Version 12.00
# Visual Studio Version 16
VisualStudioVersion = 16.0.30711.63
MinimumVisualStudioVersion = 15.0.26124.0
Project("{2150E333-8FDC-42A3-9474-1A3956D46DE8}") = "src", "src", "{6E6991F9-F157-4672-A0C9-3D839475C468}"
EndProject
Project("{9A19103F-16F7-4668-BE54-9A1E7A4F7556}") = "Pica.Api", "src\Pica.Api\Pica.Api.csproj", "{6270282E-8107-459F-921E-E07FB2593D2C}"
EndProject
Project("{2150E333-8FDC-42A3-9474-1A3956D46DE8}") = "Solution Items", "Solution Items", "{B3AAF50F-A55F-4964-9E66-2BFEC2DFC8CD}"
	ProjectSection(SolutionItems) = preProject
		clisettings.json = clisettings.json
	EndProjectSection
EndProject
Global
	GlobalSection(SolutionConfigurationPlatforms) = preSolution
		Debug|Any CPU = Debug|Any CPU
		Debug|x64 = Debug|x64
		Debug|x86 = Debug|x86
		Release|Any CPU = Release|Any CPU
		Release|x64 = Release|x64
		Release|x86 = Release|x86
	EndGlobalSection
	GlobalSection(ProjectConfigurationPlatforms) = postSolution
		{6270282E-8107-459F-921E-E07FB2593D2C}.Debug|Any CPU.ActiveCfg = Debug|Any CPU
		{6270282E-8107-459F-921E-E07FB2593D2C}.Debug|Any CPU.Build.0 = Debug|Any CPU
		{6270282E-8107-459F-921E-E07FB2593D2C}.Debug|x64.ActiveCfg = Debug|Any CPU
		{6270282E-8107-459F-921E-E07FB2593D2C}.Debug|x64.Build.0 = Debug|Any CPU
		{6270282E-8107-459F-921E-E07FB2593D2C}.Debug|x86.ActiveCfg = Debug|Any CPU
		{6270282E-8107-459F-921E-E07FB2593D2C}.Debug|x86.Build.0 = Debug|Any CPU
		{6270282E-8107-459F-921E-E07FB2593D2C}.Release|Any CPU.ActiveCfg = Release|Any CPU
		{6270282E-8107-459F-921E-E07FB2593D2C}.Release|Any CPU.Build.0 = Release|Any CPU
		{6270282E-8107-459F-921E-E07FB2593D2C}.Release|x64.ActiveCfg = Release|Any CPU
		{6270282E-8107-459F-921E-E07FB2593D2C}.Release|x64.Build.0 = Release|Any CPU
		{6270282E-8107-459F-921E-E07FB2593D2C}.Release|x86.ActiveCfg = Release|Any CPU
		{6270282E-8107-459F-921E-E07FB2593D2C}.Release|x86.Build.0 = Release|Any CPU
	EndGlobalSection
	GlobalSection(SolutionProperties) = preSolution
		HideSolutionNode = FALSE
	EndGlobalSection
	GlobalSection(NestedProjects) = preSolution
		{6270282E-8107-459F-921E-E07FB2593D2C} = {6E6991F9-F157-4672-A0C9-3D839475C468}
	EndGlobalSection
	GlobalSection(ExtensibilityGlobals) = postSolution
		SolutionGuid = {E9D8F5EC-1C9C-47A9-B0E0-D4FF1B09178D}
	EndGlobalSection
EndGlobal
